
Microsoft Visual Studio Solution File, Format Version 12.00
# Visual Studio Version 16
VisualStudioVersion = 16.0.31515.178
MinimumVisualStudioVersion = 10.0.40219.1
Project("{9A19103F-16F7-4668-BE54-9A1E7A4F7556}") = "LeetCode", "LeetCode\LeetCode.csproj", "{583F1114-C6F0-4222-A610-3AD230035929}"
EndProject
Project("{9A19103F-16F7-4668-BE54-9A1E7A4F7556}") = "Playground", "Playground\Playground.csproj", "{E408A383-5575-4964-997D-3EFFBF2878B9}"
EndProject
Project("{9A19103F-16F7-4668-BE54-9A1E7A4F7556}") = "UnitTest", "UnitTest\UnitTest.csproj", "{1059424C-0840-4703-A267-771824407C90}"
EndProject
Project("{2150E333-8FDC-42A3-9474-1A3956D46DE8}") = "Solution Items", "Solution Items", "{D3F93E13-DA18-4A12-B99B-687711D577B9}"
	ProjectSection(SolutionItems) = preProject
		.editorconfig = .editorconfig
	EndProjectSection
EndProject
Global
	GlobalSection(SolutionConfigurationPlatforms) = preSolution
		Debug|Any CPU = Debug|Any CPU
		Debug|x64 = Debug|x64
		Release|Any CPU = Release|Any CPU
		Release|x64 = Release|x64
	EndGlobalSection
	GlobalSection(ProjectConfigurationPlatforms) = postSolution
		{583F1114-C6F0-4222-A610-3AD230035929}.Debug|Any CPU.ActiveCfg = Debug|Any CPU
		{583F1114-C6F0-4222-A610-3AD230035929}.Debug|Any CPU.Build.0 = Debug|Any CPU
		{583F1114-C6F0-4222-A610-3AD230035929}.Debug|x64.ActiveCfg = Debug|x64
		{583F1114-C6F0-4222-A610-3AD230035929}.Debug|x64.Build.0 = Debug|x64
		{583F1114-C6F0-4222-A610-3AD230035929}.Release|Any CPU.ActiveCfg = Release|Any CPU
		{583F1114-C6F0-4222-A610-3AD230035929}.Release|Any CPU.Build.0 = Release|Any CPU
		{583F1114-C6F0-4222-A610-3AD230035929}.Release|x64.ActiveCfg = Release|x64
		{583F1114-C6F0-4222-A610-3AD230035929}.Release|x64.Build.0 = Release|x64
		{E408A383-5575-4964-997D-3EFFBF2878B9}.Debug|Any CPU.ActiveCfg = Debug|Any CPU
		{E408A383-5575-4964-997D-3EFFBF2878B9}.Debug|Any CPU.Build.0 = Debug|Any CPU
		{E408A383-5575-4964-997D-3EFFBF2878B9}.Debug|x64.ActiveCfg = Debug|Any CPU
		{E408A383-5575-4964-997D-3EFFBF2878B9}.Debug|x64.Build.0 = Debug|Any CPU
		{E408A383-5575-4964-997D-3EFFBF2878B9}.Release|Any CPU.ActiveCfg = Release|Any CPU
		{E408A383-5575-4964-997D-3EFFBF2878B9}.Release|Any CPU.Build.0 = Release|Any CPU
		{E408A383-5575-4964-997D-3EFFBF2878B9}.Release|x64.ActiveCfg = Release|Any CPU
		{E408A383-5575-4964-997D-3EFFBF2878B9}.Release|x64.Build.0 = Release|Any CPU
		{1059424C-0840-4703-A267-771824407C90}.Debug|Any CPU.ActiveCfg = Debug|Any CPU
		{1059424C-0840-4703-A267-771824407C90}.Debug|Any CPU.Build.0 = Debug|Any CPU
		{1059424C-0840-4703-A267-771824407C90}.Debug|x64.ActiveCfg = Debug|Any CPU
		{1059424C-0840-4703-A267-771824407C90}.Debug|x64.Build.0 = Debug|Any CPU
		{1059424C-0840-4703-A267-771824407C90}.Release|Any CPU.ActiveCfg = Release|Any CPU
		{1059424C-0840-4703-A267-771824407C90}.Release|Any CPU.Build.0 = Release|Any CPU
		{1059424C-0840-4703-A267-771824407C90}.Release|x64.ActiveCfg = Release|Any CPU
		{1059424C-0840-4703-A267-771824407C90}.Release|x64.Build.0 = Release|Any CPU
	EndGlobalSection
	GlobalSection(SolutionProperties) = preSolution
		HideSolutionNode = FALSE
	EndGlobalSection
	GlobalSection(ExtensibilityGlobals) = postSolution
		SolutionGuid = {AB2A23F1-C075-453B-9906-AE1BC0BD1388}
	EndGlobalSection
EndGlobal
